<?xml version="1.0" encoding="utf-8"?>
<Project ToolsVersion="4.0" xmlns="http://schemas.microsoft.com/developer/msbuild/2003">
  <ItemGroup>
    <Filter Include="Quelldateien">
      <UniqueIdentifier>{f507cc22-0f26-4ac6-ba20-222fcc73a2f8}</UniqueIdentifier>
      <Extensions>cpp;c;cxx;def;odl;idl;hpj;bat;asm</Extensions>
    </Filter>
    <Filter Include="Headerdateien">
      <UniqueIdentifier>{2d1815c1-9c2b-413d-868e-5861c3f710b7}</UniqueIdentifier>
      <Extensions>h;hpp;hxx;hm;inl;inc</Extensions>
    </Filter>
    <Filter Include="Ressourcendateien">
      <UniqueIdentifier>{bcc25f6c-8dd3-4d62-9d09-93aa8759af77}</UniqueIdentifier>
      <Extensions>rc;ico;cur;bmp;dlg;rc2;rct;bin;rgs;gif;jpg;jpeg;jpe</Extensions>
    </Filter>
  </ItemGroup>
  <ItemGroup>
    <ClCompile Include="colamd.c">
      <Filter>Quelldateien</Filter>
    </ClCompile>
    <ClCompile Include="dasum.c">
      <Filter>Quelldateien</Filter>
    </ClCompile>
    <ClCompile Include="daxpy.c">
      <Filter>Quelldateien</Filter>
    </ClCompile>
    <ClCompile Include="dcolumn_bmod.c">
      <Filter>Quelldateien</Filter>
    </ClCompile>
    <ClCompile Include="dcolumn_dfs.c">
      <Filter>Quelldateien</Filter>
    </ClCompile>
    <ClCompile Include="dcopy.c">
      <Filter>Quelldateien</Filter>
    </ClCompile>
    <ClCompile Include="dcopy_to_ucol.c">
      <Filter>Quelldateien</Filter>
    </ClCompile>
    <ClCompile Include="ddot.c">
      <Filter>Quelldateien</Filter>
    </ClCompile>
    <ClCompile Include="dgemv.c">
      <Filter>Quelldateien</Filter>
    </ClCompile>
    <ClCompile Include="dger.c">
      <Filter>Quelldateien</Filter>
    </ClCompile>
    <ClCompile Include="dgscon.c">
      <Filter>Quelldateien</Filter>
    </ClCompile>
    <ClCompile Include="dgsequ.c">
      <Filter>Quelldateien</Filter>
    </ClCompile>
    <ClCompile Include="dgsrfs.c">
      <Filter>Quelldateien</Filter>
    </ClCompile>
    <ClCompile Include="dgssv.c">
      <Filter>Quelldateien</Filter>
    </ClCompile>
    <ClCompile Include="dgssvx.c">
      <Filter>Quelldateien</Filter>
    </ClCompile>
    <ClCompile Include="dgstrf.c">
      <Filter>Quelldateien</Filter>
    </ClCompile>
    <ClCompile Include="dgstrs.c">
      <Filter>Quelldateien</Filter>
    </ClCompile>
    <ClCompile Include="dlacon.c">
      <Filter>Quelldateien</Filter>
    </ClCompile>
    <ClCompile Include="dlamch.c">
      <Filter>Quelldateien</Filter>
    </ClCompile>
    <ClCompile Include="dlangs.c">
      <Filter>Quelldateien</Filter>
    </ClCompile>
    <ClCompile Include="dlaqgs.c">
      <Filter>Quelldateien</Filter>
    </ClCompile>
    <ClCompile Include="dmemory.c">
      <Filter>Quelldateien</Filter>
    </ClCompile>
    <ClCompile Include="dmyblas2.c">
      <Filter>Quelldateien</Filter>
    </ClCompile>
    <ClCompile Include="dnrm2.c">
      <Filter>Quelldateien</Filter>
    </ClCompile>
    <ClCompile Include="dpanel_bmod.c">
      <Filter>Quelldateien</Filter>
    </ClCompile>
    <ClCompile Include="dpanel_dfs.c">
      <Filter>Quelldateien</Filter>
    </ClCompile>
    <ClCompile Include="dpivotgrowth.c">
      <Filter>Quelldateien</Filter>
    </ClCompile>
    <ClCompile Include="dpivotL.c">
      <Filter>Quelldateien</Filter>
    </ClCompile>
    <ClCompile Include="dpruneL.c">
      <Filter>Quelldateien</Filter>
    </ClCompile>
    <ClCompile Include="dreadhb.c">
      <Filter>Quelldateien</Filter>
    </ClCompile>
    <ClCompile Include="drot.c">
      <Filter>Quelldateien</Filter>
    </ClCompile>
    <ClCompile Include="dscal.c">
      <Filter>Quelldateien</Filter>
    </ClCompile>
    <ClCompile Include="dsnode_bmod.c">
      <Filter>Quelldateien</Filter>
    </ClCompile>
    <ClCompile Include="dsnode_dfs.c">
      <Filter>Quelldateien</Filter>
    </ClCompile>
    <ClCompile Include="dsp_blas2.c">
      <Filter>Quelldateien</Filter>
    </ClCompile>
    <ClCompile Include="dsp_blas3.c">
      <Filter>Quelldateien</Filter>
    </ClCompile>
    <ClCompile Include="dsymv.c">
      <Filter>Quelldateien</Filter>
    </ClCompile>
    <ClCompile Include="dsyr2.c">
      <Filter>Quelldateien</Filter>
    </ClCompile>
    <ClCompile Include="dtrsv.c">
      <Filter>Quelldateien</Filter>
    </ClCompile>
    <ClCompile Include="dutil.c">
      <Filter>Quelldateien</Filter>
    </ClCompile>
    <ClCompile Include="get_perm_c.c">
      <Filter>Quelldateien</Filter>
    </ClCompile>
    <ClCompile Include="heap_relax_snode.c">
      <Filter>Quelldateien</Filter>
    </ClCompile>
    <ClCompile Include="idamax.c">
      <Filter>Quelldateien</Filter>
    </ClCompile>
    <ClCompile Include="lsame.c">
      <Filter>Quelldateien</Filter>
    </ClCompile>
    <ClCompile Include="memory.c">
      <Filter>Quelldateien</Filter>
    </ClCompile>
    <ClCompile Include="mmd.c">
      <Filter>Quelldateien</Filter>
    </ClCompile>
    <ClCompile Include="relax_snode.c">
      <Filter>Quelldateien</Filter>
    </ClCompile>
    <ClCompile Include="sp_coletree.c">
      <Filter>Quelldateien</Filter>
    </ClCompile>
    <ClCompile Include="sp_ienv.c">
      <Filter>Quelldateien</Filter>
    </ClCompile>
    <ClCompile Include="sp_preorder.c">
      <Filter>Quelldateien</Filter>
    </ClCompile>
    <ClCompile Include="superlu.c">
      <Filter>Quelldateien</Filter>
    </ClCompile>
    <ClCompile Include="superlu_timer.c">
      <Filter>Quelldateien</Filter>
    </ClCompile>
    <ClCompile Include="SuperLUmain.cpp">
      <Filter>Quelldateien</Filter>
    </ClCompile>
    <ClCompile Include="util.c">
      <Filter>Quelldateien</Filter>
    </ClCompile>
    <ClCompile Include="xerbla.c">
      <Filter>Quelldateien</Filter>
    </ClCompile>
  </ItemGroup>
  <ItemGroup>
    <ClInclude Include="colamd.h">
      <Filter>Headerdateien</Filter>
    </ClInclude>
    <ClInclude Include="dsp_defs.h">
      <Filter>Headerdateien</Filter>
    </ClInclude>
    <ClInclude Include="f2c.h">
      <Filter>Headerdateien</Filter>
    </ClInclude>
    <ClInclude Include="slu_Cnames.h">
      <Filter>Headerdateien</Filter>
    </ClInclude>
    <ClInclude Include="slu_ddefs.h">
      <Filter>Headerdateien</Filter>
    </ClInclude>
    <ClInclude Include="slu_util.h">
      <Filter>Headerdateien</Filter>
    </ClInclude>
    <ClInclude Include="superlu_f2c.h">
      <Filter>Headerdateien</Filter>
    </ClInclude>
    <ClInclude Include="SuperLUmain.h">
      <Filter>Headerdateien</Filter>
    </ClInclude>
    <ClInclude Include="supermatrix.h">
      <Filter>Headerdateien</Filter>
    </ClInclude>
  </ItemGroup>
  <ItemGroup>
    <None Include="ReadMe.txt" />
  </ItemGroup>
  <ItemGroup>
    <CustomBuildStep Include="lib\SuperLU.lib">
      <Filter>Quelldateien</Filter>
    </CustomBuildStep>
    <CustomBuildStep Include="lib\SuperLUd.lib">
      <Filter>Quelldateien</Filter>
    </CustomBuildStep>
    <CustomBuildStep Include="lib\SuperLUx64.lib">
      <Filter>Quelldateien</Filter>
    </CustomBuildStep>
    <CustomBuildStep Include="lib\SuperLUx64d.lib">
      <Filter>Quelldateien</Filter>
    </CustomBuildStep>
  </ItemGroup>
</Project>