<?xml version="1.0" encoding="utf-8"?>
<Project ToolsVersion="4.0" xmlns="http://schemas.microsoft.com/developer/msbuild/2003">
  <ItemGroup>
    <Filter Include="Quelldateien">
      <UniqueIdentifier>{4FC737F1-C7A5-4376-A066-2A32D752A2FF}</UniqueIdentifier>
      <Extensions>cpp;c;cc;cxx;def;odl;idl;hpj;bat;asm;asmx</Extensions>
    </Filter>
    <Filter Include="Headerdateien">
      <UniqueIdentifier>{93995380-89BD-4b04-88EB-625FBE52EBFB}</UniqueIdentifier>
      <Extensions>h;hpp;hxx;hm;inl;inc;xsd</Extensions>
    </Filter>
    <Filter Include="Ressourcendateien">
      <UniqueIdentifier>{67DA6AB6-F800-4c08-8B7A-83BB121AAD01}</UniqueIdentifier>
      <Extensions>rc;ico;cur;bmp;dlg;rc2;rct;bin;rgs;gif;jpg;jpeg;jpe;resx;tiff;tif;png;wav</Extensions>
    </Filter>
  </ItemGroup>
  <ItemGroup>
    <ClCompile Include="elementdata.cpp">
      <Filter>Quelldateien</Filter>
    </ClCompile>
    <ClCompile Include="elementDataAccess.cpp">
      <Filter>Quelldateien</Filter>
    </ClCompile>
    <ClCompile Include="femathhelperfunctions.cpp">
      <Filter>Quelldateien</Filter>
    </ClCompile>
    <ClCompile Include="fft_utilities.cpp">
      <Filter>Quelldateien</Filter>
    </ClCompile>
    <ClCompile Include="FieldVariableDescriptor.cpp">
      <Filter>Quelldateien</Filter>
    </ClCompile>
    <ClCompile Include="lapack_routines.cpp">
      <Filter>Quelldateien</Filter>
    </ClCompile>
    <ClCompile Include="linalg.cpp">
      <Filter>Quelldateien</Filter>
    </ClCompile>
    <ClCompile Include="linalg3d.cpp">
      <Filter>Quelldateien</Filter>
    </ClCompile>
    <ClCompile Include="linalgeig.cpp">
      <Filter>Quelldateien</Filter>
    </ClCompile>
    <ClCompile Include="mathfunc.cpp">
      <Filter>Quelldateien</Filter>
    </ClCompile>
    <ClCompile Include="myfile.cpp">
      <Filter>Quelldateien</Filter>
    </ClCompile>
    <ClCompile Include="mystring.cpp">
      <Filter>Quelldateien</Filter>
    </ClCompile>
  </ItemGroup>
  <ItemGroup>
    <ClInclude Include="elementdata.h">
      <Filter>Headerdateien</Filter>
    </ClInclude>
    <ClInclude Include="elementdataaccess.h">
      <Filter>Headerdateien</Filter>
    </ClInclude>
    <ClInclude Include="femathHelperFunctions.h">
      <Filter>Headerdateien</Filter>
    </ClInclude>
    <ClInclude Include="fft_utilities.h">
      <Filter>Headerdateien</Filter>
    </ClInclude>
    <ClInclude Include="FieldVariableDescriptor.h">
      <Filter>Headerdateien</Filter>
    </ClInclude>
    <ClInclude Include="ioincludes.h">
      <Filter>Headerdateien</Filter>
    </ClInclude>
    <ClInclude Include="lapack_routines.h">
      <Filter>Headerdateien</Filter>
    </ClInclude>
    <ClInclude Include="linalg.h">
      <Filter>Headerdateien</Filter>
    </ClInclude>
    <ClInclude Include="linalg3d.h">
      <Filter>Headerdateien</Filter>
    </ClInclude>
    <ClInclude Include="linalgeig.h">
      <Filter>Headerdateien</Filter>
    </ClInclude>
    <ClInclude Include="mathaux.h">
      <Filter>Headerdateien</Filter>
    </ClInclude>
    <ClInclude Include="mathfunc.h">
      <Filter>Headerdateien</Filter>
    </ClInclude>
    <ClInclude Include="myfile.h">
      <Filter>Headerdateien</Filter>
    </ClInclude>
    <ClInclude Include="mystring.h">
      <Filter>Headerdateien</Filter>
    </ClInclude>
    <ClInclude Include="release_assert.h">
      <Filter>Headerdateien</Filter>
    </ClInclude>
    <ClInclude Include="tarray.h">
      <Filter>Headerdateien</Filter>
    </ClInclude>
  </ItemGroup>
</Project>