<?xml version="1.0" encoding="utf-8"?>
<Project ToolsVersion="4.0" xmlns="http://schemas.microsoft.com/developer/msbuild/2003">
  <ItemGroup>
    <Filter Include="Quelldateien">
      <UniqueIdentifier>{4FC737F1-C7A5-4376-A066-2A32D752A2FF}</UniqueIdentifier>
      <Extensions>cpp;c;cc;cxx;def;odl;idl;hpj;bat;asm;asmx</Extensions>
    </Filter>
    <Filter Include="Headerdateien">
      <UniqueIdentifier>{93995380-89BD-4b04-88EB-625FBE52EBFB}</UniqueIdentifier>
      <Extensions>h;hpp;hxx;hm;inl;inc;xsd</Extensions>
    </Filter>
    <Filter Include="Ressourcendateien">
      <UniqueIdentifier>{67DA6AB6-F800-4c08-8B7A-83BB121AAD01}</UniqueIdentifier>
      <Extensions>rc;ico;cur;bmp;dlg;rc2;rct;bin;rgs;gif;jpg;jpeg;jpe;resx;tiff;tif;png;wav</Extensions>
    </Filter>
  </ItemGroup>
  <ItemGroup>
    <ClCompile Include="beams\ANCFAxMovBeam2D.cpp">
      <Filter>Quelldateien</Filter>
    </ClCompile>
    <ClCompile Include="beams\ANCFBeam2D.cpp">
      <Filter>Quelldateien</Filter>
    </ClCompile>
    <ClCompile Include="beams\ANCFBeam3D.cpp">
      <Filter>Quelldateien</Filter>
    </ClCompile>
    <ClCompile Include="beams\ANCFBeam3DTorsion.cpp">
      <Filter>Quelldateien</Filter>
    </ClCompile>
    <ClCompile Include="beams\ANCFBeamBE2D.cpp">
      <Filter>Quelldateien</Filter>
    </ClCompile>
    <ClCompile Include="beams\ANCFBeamShear2D.cpp">
      <Filter>Quelldateien</Filter>
    </ClCompile>
    <ClCompile Include="beams\ANCFBeamShear3D.cpp">
      <Filter>Quelldateien</Filter>
    </ClCompile>
    <ClCompile Include="beams\ANCFBeamShearFE2D.cpp">
      <Filter>Quelldateien</Filter>
    </ClCompile>
    <ClCompile Include="beams\ANCFCable2D.cpp">
      <Filter>Quelldateien</Filter>
    </ClCompile>
    <ClCompile Include="beams\ANCFCable3D.cpp">
      <Filter>Quelldateien</Filter>
    </ClCompile>
    <ClCompile Include="shells\ANCFPlate3D.cpp">
      <Filter>Quelldateien</Filter>
    </ClCompile>
    <ClCompile Include="shells\ANCFSimpleThinPlate3D.cpp">
      <Filter>Quelldateien</Filter>
    </ClCompile>
    <ClCompile Include="shells\ANCFThinPlate3D.cpp">
      <Filter>Quelldateien</Filter>
    </ClCompile>
    <ClCompile Include="constraints\AverageConstraint.cpp">
      <Filter>Quelldateien</Filter>
    </ClCompile>
    <ClCompile Include="modal_reduction\BaseCMSElement.cpp">
      <Filter>Quelldateien</Filter>
    </ClCompile>
    <ClCompile Include="beams\Beam2DaFFRF.cpp">
      <Filter>Quelldateien</Filter>
    </ClCompile>
    <ClCompile Include="beams\Beam2DFFRF.cpp">
      <Filter>Quelldateien</Filter>
    </ClCompile>
    <ClCompile Include="beams\Beam3D.cpp">
      <Filter>Quelldateien</Filter>
    </ClCompile>
    <ClCompile Include="beams\BeamShear2D.cpp">
      <Filter>Quelldateien</Filter>
    </ClCompile>
    <ClCompile Include="modal_reduction\CMSElement.cpp">
      <Filter>Quelldateien</Filter>
    </ClCompile>
    <ClCompile Include="modal_reduction\CMSElement2D.cpp">
      <Filter>Quelldateien</Filter>
    </ClCompile>
    <ClCompile Include="constraints\constraint.cpp">
      <Filter>Quelldateien</Filter>
    </ClCompile>
    <ClCompile Include="constraints\contact2D.cpp">
      <Filter>Quelldateien</Filter>
    </ClCompile>
    <ClCompile Include="constraints\contact3D.cpp">
      <Filter>Quelldateien</Filter>
    </ClCompile>
    <ClCompile Include="constraints\control.cpp">
      <Filter>Quelldateien</Filter>
    </ClCompile>
    <ClCompile Include="element.cpp">
      <Filter>Quelldateien</Filter>
    </ClCompile>
    <ClCompile Include="ElementEDCauto.cpp">
      <Filter>Quelldateien</Filter>
    </ClCompile>
    <ClCompile Include="solidFE\FE2DTriQuad.cpp">
      <Filter>Quelldateien</Filter>
    </ClCompile>
    <ClCompile Include="solidFE\FE3DHexTet.cpp">
      <Filter>Quelldateien</Filter>
    </ClCompile>
    <ClCompile Include="solidFE\FiniteElement2D.cpp">
      <Filter>Quelldateien</Filter>
    </ClCompile>
    <ClCompile Include="solidFE\FiniteElement3D.cpp">
      <Filter>Quelldateien</Filter>
    </ClCompile>
    <ClCompile Include="solidFE\FiniteElement3DFFRF.cpp">
      <Filter>Quelldateien</Filter>
    </ClCompile>
    <ClCompile Include="solidFE\FiniteElementGeneric.cpp">
      <Filter>Quelldateien</Filter>
    </ClCompile>
    <ClCompile Include="beams\FiniteElementGenericBeam2D.cpp">
      <Filter>Quelldateien</Filter>
    </ClCompile>
    <ClCompile Include="modal_reduction\GCMSElement.cpp">
      <Filter>Quelldateien</Filter>
    </ClCompile>
    <ClCompile Include="modal_reduction\GCMSRotorElement.cpp">
      <Filter>Quelldateien</Filter>
    </ClCompile>
    <ClCompile Include="IntegrationRule.cpp">
      <Filter>Quelldateien</Filter>
    </ClCompile>
    <ClCompile Include="constraints\KinematicPairs.cpp">
      <Filter>Quelldateien</Filter>
    </ClCompile>
    <ClCompile Include="deprecated_elements\KinematicPairsDeprecated.cpp">
      <Filter>Quelldateien</Filter>
    </ClCompile>
    <ClCompile Include="rigid\mass1D.cpp">
      <Filter>Quelldateien</Filter>
    </ClCompile>
    <ClCompile Include="PlaneSymmetricTensorComponents.cpp">
      <Filter>Quelldateien</Filter>
    </ClCompile>
    <ClCompile Include="shells\Plate2D.cpp">
      <Filter>Quelldateien</Filter>
    </ClCompile>
    <ClCompile Include="modal_reduction\referenceframe2D.cpp">
      <Filter>Quelldateien</Filter>
    </ClCompile>
    <ClCompile Include="modal_reduction\referenceframe3D.cpp">
      <Filter>Quelldateien</Filter>
    </ClCompile>
    <ClCompile Include="rigid\rigid2D.cpp">
      <Filter>Quelldateien</Filter>
    </ClCompile>
    <ClCompile Include="rigid\rigid3D.cpp">
      <Filter>Quelldateien</Filter>
    </ClCompile>
    <ClCompile Include="rigid\Rigid3DKardan.cpp">
      <Filter>Quelldateien</Filter>
    </ClCompile>
    <ClCompile Include="constraints\RigidBodyJoints.cpp">
      <Filter>Quelldateien</Filter>
    </ClCompile>
    <ClCompile Include="constraints\SDA_constraints.cpp">
      <Filter>Quelldateien</Filter>
    </ClCompile>
    <ClCompile Include="constraints\SpecialConstraints.cpp">
      <Filter>Quelldateien</Filter>
    </ClCompile>
    <ClCompile Include="beams\Truss3D.cpp">
      <Filter>Quelldateien</Filter>
    </ClCompile>
  </ItemGroup>
  <ItemGroup>
    <ClInclude Include="beams\ANCFAxMovBeam2D.h">
      <Filter>Headerdateien</Filter>
    </ClInclude>
    <ClInclude Include="beams\ANCFBeam2D.h">
      <Filter>Headerdateien</Filter>
    </ClInclude>
    <ClInclude Include="beams\ANCFBeam3D.h">
      <Filter>Headerdateien</Filter>
    </ClInclude>
    <ClInclude Include="beams\ANCFBeam3DTorsion.h">
      <Filter>Headerdateien</Filter>
    </ClInclude>
    <ClInclude Include="beams\ANCFBeamBE2D.h">
      <Filter>Headerdateien</Filter>
    </ClInclude>
    <ClInclude Include="beams\ANCFBeamShear2D.h">
      <Filter>Headerdateien</Filter>
    </ClInclude>
    <ClInclude Include="beams\ANCFBeamShear3D.h">
      <Filter>Headerdateien</Filter>
    </ClInclude>
    <ClInclude Include="beams\ANCFBeamShear3DGetddeidxidDiffVar.h">
      <Filter>Headerdateien</Filter>
    </ClInclude>
    <ClInclude Include="beams\ANCFBeamShear3DGetdeidDiffVar.h">
      <Filter>Headerdateien</Filter>
    </ClInclude>
    <ClInclude Include="beams\ANCFBeamShear3DGetdeidxi.h">
      <Filter>Headerdateien</Filter>
    </ClInclude>
    <ClInclude Include="beams\ANCFBeamShear3DGetei.h">
      <Filter>Headerdateien</Filter>
    </ClInclude>
    <ClInclude Include="beams\ANCFBeamShearFE2D.h">
      <Filter>Headerdateien</Filter>
    </ClInclude>
    <ClInclude Include="beams\ANCFCable2D.h">
      <Filter>Headerdateien</Filter>
    </ClInclude>
    <ClInclude Include="beams\ANCFCable3D.h">
      <Filter>Headerdateien</Filter>
    </ClInclude>
    <ClInclude Include="shells\ANCFPlate3D.h">
      <Filter>Headerdateien</Filter>
    </ClInclude>
    <ClInclude Include="shells\ANCFSimpleThinPlate3D.h">
      <Filter>Headerdateien</Filter>
    </ClInclude>
    <ClInclude Include="shells\ANCFThinPlate3D.h">
      <Filter>Headerdateien</Filter>
    </ClInclude>
    <ClInclude Include="constraints\AverageConstraint.h">
      <Filter>Headerdateien</Filter>
    </ClInclude>
    <ClInclude Include="modal_reduction\BaseCMSElement.h">
      <Filter>Headerdateien</Filter>
    </ClInclude>
    <ClInclude Include="beams\Beam2DaFFRF.h">
      <Filter>Headerdateien</Filter>
    </ClInclude>
    <ClInclude Include="beams\Beam2DFFRF.h">
      <Filter>Headerdateien</Filter>
    </ClInclude>
    <ClInclude Include="beams\Beam3D.h">
      <Filter>Headerdateien</Filter>
    </ClInclude>
    <ClInclude Include="beams\BeamBEdRotdrT.h">
      <Filter>Headerdateien</Filter>
    </ClInclude>
    <ClInclude Include="beams\BeamSheardRotvdr_new.h">
      <Filter>Headerdateien</Filter>
    </ClInclude>
    <ClInclude Include="beams\BEBeamdRotdr.h">
      <Filter>Headerdateien</Filter>
    </ClInclude>
    <ClInclude Include="beams\BEBeamGetDKappa1.h">
      <Filter>Headerdateien</Filter>
    </ClInclude>
    <ClInclude Include="beams\BEBeamGetDKappa2.h">
      <Filter>Headerdateien</Filter>
    </ClInclude>
    <ClInclude Include="beams\BEBeamGetDKappa3.h">
      <Filter>Headerdateien</Filter>
    </ClInclude>
    <ClInclude Include="beams\BEBeamGetKappa1.h">
      <Filter>Headerdateien</Filter>
    </ClInclude>
    <ClInclude Include="beams\BEBeamGetKappa2.h">
      <Filter>Headerdateien</Filter>
    </ClInclude>
    <ClInclude Include="beams\BEBeamGetKappa3.h">
      <Filter>Headerdateien</Filter>
    </ClInclude>
    <ClInclude Include="beams\BEBeamVectorOfTwistAndCurvature.h">
      <Filter>Headerdateien</Filter>
    </ClInclude>
    <ClInclude Include="body2D.h">
      <Filter>Headerdateien</Filter>
    </ClInclude>
    <ClInclude Include="body3D.h">
      <Filter>Headerdateien</Filter>
    </ClInclude>
    <ClInclude Include="modal_reduction\CMSElement.h">
      <Filter>Headerdateien</Filter>
    </ClInclude>
    <ClInclude Include="modal_reduction\CMSElement2D.h">
      <Filter>Headerdateien</Filter>
    </ClInclude>
    <ClInclude Include="constraints\constraint.h">
      <Filter>Headerdateien</Filter>
    </ClInclude>
    <ClInclude Include="constraints\contact2D.h">
      <Filter>Headerdateien</Filter>
    </ClInclude>
    <ClInclude Include="constraints\contact3D.h">
      <Filter>Headerdateien</Filter>
    </ClInclude>
    <ClInclude Include="constraints\contact_globalvariables.h">
      <Filter>Headerdateien</Filter>
    </ClInclude>
    <ClInclude Include="constraints\control.h">
      <Filter>Headerdateien</Filter>
    </ClInclude>
    <ClInclude Include="solidFE\FE2DTriQuad.h">
      <Filter>Headerdateien</Filter>
    </ClInclude>
    <ClInclude Include="solidFE\FE3DHexTet.h">
      <Filter>Headerdateien</Filter>
    </ClInclude>
    <ClInclude Include="solidFE\FiniteElement2D - PG.h">
      <Filter>Headerdateien</Filter>
    </ClInclude>
    <ClInclude Include="solidFE\FiniteElement2D.h">
      <Filter>Headerdateien</Filter>
    </ClInclude>
    <ClInclude Include="solidFE\FiniteElement3D.h">
      <Filter>Headerdateien</Filter>
    </ClInclude>
    <ClInclude Include="solidFE\FiniteElement3DFFRF.h">
      <Filter>Headerdateien</Filter>
    </ClInclude>
    <ClInclude Include="solidFE\FiniteElementGeneric.h">
      <Filter>Headerdateien</Filter>
    </ClInclude>
    <ClInclude Include="modal_reduction\GCMSElement.h">
      <Filter>Headerdateien</Filter>
    </ClInclude>
    <ClInclude Include="IntegrationRule.h">
      <Filter>Headerdateien</Filter>
    </ClInclude>
    <ClInclude Include="constraints\KinematicPairs.h">
      <Filter>Headerdateien</Filter>
    </ClInclude>
    <ClInclude Include="deprecated_elements\KinematicPairsDeprecated.h">
      <Filter>Headerdateien</Filter>
    </ClInclude>
    <ClInclude Include="rigid\mass1D.h">
      <Filter>Headerdateien</Filter>
    </ClInclude>
    <ClInclude Include="PlaneSymmetricTensorComponents.h">
      <Filter>Headerdateien</Filter>
    </ClInclude>
    <ClInclude Include="shells\Plate2D.h">
      <Filter>Headerdateien</Filter>
    </ClInclude>
    <ClInclude Include="modal_reduction\referenceframe2D.h">
      <Filter>Headerdateien</Filter>
    </ClInclude>
    <ClInclude Include="modal_reduction\referenceframe3D.h">
      <Filter>Headerdateien</Filter>
    </ClInclude>
    <ClInclude Include="rigid\rigid2D.h">
      <Filter>Headerdateien</Filter>
    </ClInclude>
    <ClInclude Include="rigid\rigid3D.h">
      <Filter>Headerdateien</Filter>
    </ClInclude>
    <ClInclude Include="rigid\Rigid3DKardan.h">
      <Filter>Headerdateien</Filter>
    </ClInclude>
    <ClInclude Include="constraints\RigidBodyJoints.h">
      <Filter>Headerdateien</Filter>
    </ClInclude>
    <ClInclude Include="constraints\SDA_constraints.h">
      <Filter>Headerdateien</Filter>
    </ClInclude>
    <ClInclude Include="constraints\SpecialConstraints.h">
      <Filter>Headerdateien</Filter>
    </ClInclude>
    <ClInclude Include="beams\Truss3D.h">
      <Filter>Headerdateien</Filter>
    </ClInclude>
    <ClInclude Include="XGProvider.h">
      <Filter>Headerdateien</Filter>
    </ClInclude>
  </ItemGroup>
  <ItemGroup>
    <None Include="ClassDiagram1.cd" />
  </ItemGroup>
  <ItemGroup>
    <CustomBuildStep Include="beams\BeamShear2D.h">
      <Filter>Headerdateien</Filter>
    </CustomBuildStep>
    <CustomBuildStep Include="beams\FiniteElementGenericBeam2D.h">
      <Filter>Headerdateien</Filter>
    </CustomBuildStep>
    <CustomBuildStep Include="modal_reduction\GCMSRotorElement.h">
      <Filter>Headerdateien</Filter>
    </CustomBuildStep>
  </ItemGroup>
</Project>