<?xml version="1.0" encoding="utf-8"?>
<Project ToolsVersion="4.0" xmlns="http://schemas.microsoft.com/developer/msbuild/2003">
  <ItemGroup>
    <Filter Include="Headerdateien">
      <UniqueIdentifier>{93995380-89BD-4b04-88EB-625FBE52EBFB}</UniqueIdentifier>
      <Extensions>h;hpp;hxx;hm;inl;inc;xsd</Extensions>
    </Filter>
    <Filter Include="Ressourcendateien">
      <UniqueIdentifier>{67DA6AB6-F800-4c08-8B7A-83BB121AAD01}</UniqueIdentifier>
      <Extensions>rc;ico;cur;bmp;dlg;rc2;rct;bin;rgs;gif;jpg;jpeg;jpe;resx;tiff;tif;png;wav</Extensions>
    </Filter>
    <Filter Include="Quelldateien">
      <UniqueIdentifier>{4FC737F1-C7A5-4376-A066-2A32D752A2FF}</UniqueIdentifier>
      <Extensions>cpp;c;cc;cxx;def;odl;idl;hpj;bat;asm;asmx</Extensions>
    </Filter>
  </ItemGroup>
  <ItemGroup>
    <ClInclude Include="femath.h">
      <Filter>Headerdateien</Filter>
    </ClInclude>
    <ClInclude Include="mbs.h">
      <Filter>Headerdateien</Filter>
    </ClInclude>
    <ClInclude Include="mbssolset_convert_auto.h">
      <Filter>Headerdateien</Filter>
    </ClInclude>
    <ClInclude Include="optimization.h">
      <Filter>Headerdateien</Filter>
    </ClInclude>
    <ClInclude Include="options_auto.h">
      <Filter>Headerdateien</Filter>
    </ClInclude>
    <ClInclude Include="options_mbs_auto.h">
      <Filter>Headerdateien</Filter>
    </ClInclude>
    <ClInclude Include="performcomputation.h">
      <Filter>Headerdateien</Filter>
    </ClInclude>
    <ClInclude Include="sensitivity.h">
      <Filter>Headerdateien</Filter>
    </ClInclude>
    <ClInclude Include="timeint.h">
      <Filter>Headerdateien</Filter>
    </ClInclude>
  </ItemGroup>
  <ItemGroup>
    <ClCompile Include="computeeigenmodes.cpp">
      <Filter>Quelldateien</Filter>
    </ClCompile>
    <ClCompile Include="drawsystem.cpp">
      <Filter>Quelldateien</Filter>
    </ClCompile>
    <ClCompile Include="femath.cpp">
      <Filter>Quelldateien</Filter>
    </ClCompile>
    <ClCompile Include="initialize_system.cpp">
      <Filter>Quelldateien</Filter>
    </ClCompile>
    <ClCompile Include="mbs.cpp">
      <Filter>Quelldateien</Filter>
    </ClCompile>
    <ClCompile Include="mbs_communication.cpp">
      <Filter>Quelldateien</Filter>
    </ClCompile>
    <ClCompile Include="numnlsys_options.cpp">
      <Filter>Quelldateien</Filter>
    </ClCompile>
    <ClCompile Include="optimization.cpp">
      <Filter>Quelldateien</Filter>
    </ClCompile>
    <ClCompile Include="performcomp.cpp">
      <Filter>Quelldateien</Filter>
    </ClCompile>
    <ClCompile Include="sensitivity.cpp">
      <Filter>Quelldateien</Filter>
    </ClCompile>
    <ClCompile Include="ti_misc.cpp">
      <Filter>Quelldateien</Filter>
    </ClCompile>
    <ClCompile Include="timeint.cpp">
      <Filter>Quelldateien</Filter>
    </ClCompile>
    <ClCompile Include="writesolution.cpp">
      <Filter>Quelldateien</Filter>
    </ClCompile>
  </ItemGroup>
</Project>