<?xml version="1.0" encoding="utf-8"?>
<Project ToolsVersion="4.0" xmlns="http://schemas.microsoft.com/developer/msbuild/2003">
  <ItemGroup>
    <Filter Include="Source Files">
      <UniqueIdentifier>{b396183e-12c2-414b-a850-1a68864cc5bb}</UniqueIdentifier>
      <Extensions>cpp</Extensions>
    </Filter>
    <Filter Include="Header Files">
      <UniqueIdentifier>{c648f30d-1ea2-4a94-bb7e-9fc02ca98719}</UniqueIdentifier>
      <Extensions>h</Extensions>
    </Filter>
    <Filter Include="Resource Files">
      <UniqueIdentifier>{7ba923f8-0cfe-49b2-900a-443b6e371610}</UniqueIdentifier>
      <Extensions>rc</Extensions>
    </Filter>
  </ItemGroup>
  <ItemGroup>
    <ClCompile Include="CListDlg.cpp">
      <Filter>Source Files</Filter>
    </ClCompile>
    <ClCompile Include="ComputeEigenmodes.cpp">
      <Filter>Source Files</Filter>
    </ClCompile>
    <ClCompile Include="CustomEditDialog.cpp">
      <Filter>Source Files</Filter>
    </ClCompile>
    <ClCompile Include="DataStorage.cpp">
      <Filter>Source Files</Filter>
    </ClCompile>
    <ClCompile Include="DialogDataManager.cpp">
      <Filter>Source Files</Filter>
    </ClCompile>
    <ClCompile Include="DialogFramesRecording.cpp">
      <Filter>Source Files</Filter>
    </ClCompile>
    <ClCompile Include="DialogProgressBar.cpp">
      <Filter>Source Files</Filter>
    </ClCompile>
    <ClCompile Include="DialogReadText.cpp">
      <Filter>Source Files</Filter>
    </ClCompile>
    <ClCompile Include="DialogSaveSpecial.cpp">
      <Filter>Source Files</Filter>
    </ClCompile>
    <ClCompile Include="DialogViewingOptions.cpp">
      <Filter>Source Files</Filter>
    </ClCompile>
    <ClCompile Include="DlgBodyJointOpt.cpp">
      <Filter>Source Files</Filter>
    </ClCompile>
    <ClCompile Include="DlgOneEditCtrl.cpp">
      <Filter>Source Files</Filter>
    </ClCompile>
    <ClCompile Include="DrawWindow2D.cpp">
      <Filter>Source Files</Filter>
    </ClCompile>
    <ClCompile Include="extgl.cpp">
      <Filter>Source Files</Filter>
    </ClCompile>
    <ClCompile Include="FEDrawingOptions.cpp">
      <Filter>Source Files</Filter>
    </ClCompile>
    <ClCompile Include="GLDrawWnd.cpp">
      <Filter>Source Files</Filter>
    </ClCompile>
    <ClCompile Include="MyBaseView.cpp">
      <Filter>Source Files</Filter>
    </ClCompile>
    <ClCompile Include="OpenGLDlg.cpp">
      <Filter>Source Files</Filter>
    </ClCompile>
    <ClCompile Include="OutputDialog.cpp">
      <Filter>Source Files</Filter>
    </ClCompile>
    <ClCompile Include="PlotToolDlg.cpp">
      <Filter>Source Files</Filter>
    </ClCompile>
    <ClCompile Include="PlotToolDlg_aux.cpp">
      <Filter>Source Files</Filter>
    </ClCompile>
    <ClCompile Include="RenderContext.cpp">
      <Filter>Source Files</Filter>
    </ClCompile>
    <ClCompile Include="savewindowbitmap.cpp">
      <Filter>Source Files</Filter>
    </ClCompile>
    <ClCompile Include="StdAfx.cpp">
      <Filter>Source Files</Filter>
    </ClCompile>
    <ClCompile Include="TreeViewCustomEditDialog.cpp">
      <Filter>Source Files</Filter>
    </ClCompile>
    <ClCompile Include="WCDriver3D.cpp">
      <Filter>Source Files</Filter>
    </ClCompile>
    <ClCompile Include="WCDriver3DDlg.cpp">
      <Filter>Source Files</Filter>
    </ClCompile>
  </ItemGroup>
  <ItemGroup>
    <ClInclude Include="ComputeEigenmodes.h">
      <Filter>Source Files</Filter>
    </ClInclude>
    <ClInclude Include="CListDlg.h">
      <Filter>Header Files</Filter>
    </ClInclude>
    <ClInclude Include="CustomEditDialog.h">
      <Filter>Header Files</Filter>
    </ClInclude>
    <ClInclude Include="DataStorage.h">
      <Filter>Header Files</Filter>
    </ClInclude>
    <ClInclude Include="DialogDataManager.h">
      <Filter>Header Files</Filter>
    </ClInclude>
    <ClInclude Include="DialogFramesRecording.h">
      <Filter>Header Files</Filter>
    </ClInclude>
    <ClInclude Include="DialogProgressBar.h">
      <Filter>Header Files</Filter>
    </ClInclude>
    <ClInclude Include="DialogReadText.h">
      <Filter>Header Files</Filter>
    </ClInclude>
    <ClInclude Include="DialogViewingOptions.h">
      <Filter>Header Files</Filter>
    </ClInclude>
    <ClInclude Include="DlgBodyJointOpt.h">
      <Filter>Header Files</Filter>
    </ClInclude>
    <ClInclude Include="DlgOneEditCtrl.h">
      <Filter>Header Files</Filter>
    </ClInclude>
    <ClInclude Include="DrawWindow2D.h">
      <Filter>Header Files</Filter>
    </ClInclude>
    <ClInclude Include="FEDrawingOptions.h">
      <Filter>Header Files</Filter>
    </ClInclude>
    <ClInclude Include="GLDrawWnd.h">
      <Filter>Header Files</Filter>
    </ClInclude>
    <ClInclude Include="MyBaseView.h">
      <Filter>Header Files</Filter>
    </ClInclude>
    <ClInclude Include="OpenGLDlg.h">
      <Filter>Header Files</Filter>
    </ClInclude>
    <ClInclude Include="OutputDialog.h">
      <Filter>Header Files</Filter>
    </ClInclude>
    <ClInclude Include="PlotToolDlg.h">
      <Filter>Header Files</Filter>
    </ClInclude>
    <ClInclude Include="PlotToolDlg_aux.h">
      <Filter>Header Files</Filter>
    </ClInclude>
    <ClInclude Include="RenderContext.h">
      <Filter>Header Files</Filter>
    </ClInclude>
    <ClInclude Include="Resource.h">
      <Filter>Header Files</Filter>
    </ClInclude>
    <ClInclude Include="savewindowbitmap.h">
      <Filter>Header Files</Filter>
    </ClInclude>
    <ClInclude Include="StdAfx.h">
      <Filter>Header Files</Filter>
    </ClInclude>
    <ClInclude Include="..\MBSKernelLib\tarray.h">
      <Filter>Header Files</Filter>
    </ClInclude>
    <ClInclude Include="TreeViewCustomEditDialog.h">
      <Filter>Header Files</Filter>
    </ClInclude>
    <ClInclude Include="WCDriver3D.h">
      <Filter>Header Files</Filter>
    </ClInclude>
    <ClInclude Include="WCDriver3DDlg.h">
      <Filter>Header Files</Filter>
    </ClInclude>
  </ItemGroup>
  <ItemGroup>
    <None Include="resource.hm">
      <Filter>Header Files</Filter>
    </None>
    <None Include="res\bitmap1.bmp" />
    <None Include="res\Clipboard.bmp" />
    <None Include="res\print_32x32.bmp" />
    <None Include="res\printer_go.bmp" />
    <None Include="res\save_32x32.bmp" />
    <None Include="res\save_labled.bmp" />
    <None Include="toolbar1.bmp" />
    <None Include="res\WCDriver3D.ico" />
  </ItemGroup>
  <ItemGroup>
    <ResourceCompile Include="WCDriver3D.rc">
      <Filter>Resource Files</Filter>
    </ResourceCompile>
  </ItemGroup>
</Project>